
Microsoft Visual Studio Solution File, Format Version 12.00
# Visual Studio Version 17
VisualStudioVersion = 17.3.32825.248
MinimumVisualStudioVersion = 10.0.40219.1
Project("{FAE04EC0-301F-11D3-BF4B-00C04F79EFBC}") = "Final_CoderHouse", "Final_CoderHouse\Final_CoderHouse.csproj", "{89851E6C-FBF0-4017-80BB-BCDADE97C76C}"
EndProject
Global
	GlobalSection(SolutionConfigurationPlatforms) = preSolution
		Debug|Any CPU = Debug|Any CPU
		Release|Any CPU = Release|Any CPU
	EndGlobalSection
	GlobalSection(ProjectConfigurationPlatforms) = postSolution
		{89851E6C-FBF0-4017-80BB-BCDADE97C76C}.Debug|Any CPU.ActiveCfg = Debug|Any CPU
		{89851E6C-FBF0-4017-80BB-BCDADE97C76C}.Debug|Any CPU.Build.0 = Debug|Any CPU
		{89851E6C-FBF0-4017-80BB-BCDADE97C76C}.Release|Any CPU.ActiveCfg = Release|Any CPU
		{89851E6C-FBF0-4017-80BB-BCDADE97C76C}.Release|Any CPU.Build.0 = Release|Any CPU
	EndGlobalSection
	GlobalSection(SolutionProperties) = preSolution
		HideSolutionNode = FALSE
	EndGlobalSection
	GlobalSection(ExtensibilityGlobals) = postSolution
		SolutionGuid = {B5B05ABD-E8A4-44EA-9770-C773E0A32A99}
	EndGlobalSection
EndGlobal
